
Microsoft Visual Studio Solution File, Format Version 12.00
# Visual Studio Version 17
VisualStudioVersion = 17.0.31903.59
MinimumVisualStudioVersion = 10.0.40219.1
Project("{2150E333-8FDC-42A3-9474-1A3956D46DE8}") = "src", "src", "{376EFF62-C747-4BF2-A0B0-BC65B9351E3C}"
EndProject
Project("{FAE04EC0-301F-11D3-BF4B-00C04F79EFBC}") = "coe.dnd.api", "src\coe.dnd.api\coe.dnd.api.csproj", "{68122333-8C21-4F37-8B13-669EF760436E}"
EndProject
Project("{FAE04EC0-301F-11D3-BF4B-00C04F79EFBC}") = "coe.dnd.dal", "src\coe.dnd.dal\coe.dnd.dal.csproj", "{20FDCD11-21F7-4ACC-8576-6123BBF8BC79}"
EndProject
Project("{FAE04EC0-301F-11D3-BF4B-00C04F79EFBC}") = "coe.dnd.services", "src\coe.dnd.services\coe.dnd.services.csproj", "{38C6762F-35D5-41EF-A419-497AC50304F3}"
EndProject
Project("{2150E333-8FDC-42A3-9474-1A3956D46DE8}") = "test", "test", "{678F306F-63CB-4022-8B80-004A16183CA1}"
EndProject
Project("{FAE04EC0-301F-11D3-BF4B-00C04F79EFBC}") = "coe.dnd.api.test", "test\coe.dnd.api.test\coe.dnd.api.test.csproj", "{462ADBE6-355E-4D79-812A-98EB13193F42}"
EndProject
Project("{FAE04EC0-301F-11D3-BF4B-00C04F79EFBC}") = "coe.dnd.services.test", "test\coe.dnd.services.test\coe.dnd.services.test.csproj", "{60D4AF7F-7AC0-4FCA-8B74-C5601EEC2865}"
EndProject
Project("{FAE04EC0-301F-11D3-BF4B-00C04F79EFBC}") = "coe.dnd.integration.test", "test\coe.dnd.integration.test\coe.dnd.integration.test.csproj", "{4292CFEE-CBCB-42AD-BCA3-A72141884E57}"
EndProject
Global
	GlobalSection(SolutionConfigurationPlatforms) = preSolution
		Debug|Any CPU = Debug|Any CPU
		Release|Any CPU = Release|Any CPU
	EndGlobalSection
	GlobalSection(SolutionProperties) = preSolution
		HideSolutionNode = FALSE
	EndGlobalSection
	GlobalSection(ProjectConfigurationPlatforms) = postSolution
		{68122333-8C21-4F37-8B13-669EF760436E}.Debug|Any CPU.ActiveCfg = Debug|Any CPU
		{68122333-8C21-4F37-8B13-669EF760436E}.Debug|Any CPU.Build.0 = Debug|Any CPU
		{68122333-8C21-4F37-8B13-669EF760436E}.Release|Any CPU.ActiveCfg = Release|Any CPU
		{68122333-8C21-4F37-8B13-669EF760436E}.Release|Any CPU.Build.0 = Release|Any CPU
		{20FDCD11-21F7-4ACC-8576-6123BBF8BC79}.Debug|Any CPU.ActiveCfg = Debug|Any CPU
		{20FDCD11-21F7-4ACC-8576-6123BBF8BC79}.Debug|Any CPU.Build.0 = Debug|Any CPU
		{20FDCD11-21F7-4ACC-8576-6123BBF8BC79}.Release|Any CPU.ActiveCfg = Release|Any CPU
		{20FDCD11-21F7-4ACC-8576-6123BBF8BC79}.Release|Any CPU.Build.0 = Release|Any CPU
		{38C6762F-35D5-41EF-A419-497AC50304F3}.Debug|Any CPU.ActiveCfg = Debug|Any CPU
		{38C6762F-35D5-41EF-A419-497AC50304F3}.Debug|Any CPU.Build.0 = Debug|Any CPU
		{38C6762F-35D5-41EF-A419-497AC50304F3}.Release|Any CPU.ActiveCfg = Release|Any CPU
		{38C6762F-35D5-41EF-A419-497AC50304F3}.Release|Any CPU.Build.0 = Release|Any CPU
		{462ADBE6-355E-4D79-812A-98EB13193F42}.Debug|Any CPU.ActiveCfg = Debug|Any CPU
		{462ADBE6-355E-4D79-812A-98EB13193F42}.Debug|Any CPU.Build.0 = Debug|Any CPU
		{462ADBE6-355E-4D79-812A-98EB13193F42}.Release|Any CPU.ActiveCfg = Release|Any CPU
		{462ADBE6-355E-4D79-812A-98EB13193F42}.Release|Any CPU.Build.0 = Release|Any CPU
		{60D4AF7F-7AC0-4FCA-8B74-C5601EEC2865}.Debug|Any CPU.ActiveCfg = Debug|Any CPU
		{60D4AF7F-7AC0-4FCA-8B74-C5601EEC2865}.Debug|Any CPU.Build.0 = Debug|Any CPU
		{60D4AF7F-7AC0-4FCA-8B74-C5601EEC2865}.Release|Any CPU.ActiveCfg = Release|Any CPU
		{60D4AF7F-7AC0-4FCA-8B74-C5601EEC2865}.Release|Any CPU.Build.0 = Release|Any CPU
		{4292CFEE-CBCB-42AD-BCA3-A72141884E57}.Debug|Any CPU.ActiveCfg = Debug|Any CPU
		{4292CFEE-CBCB-42AD-BCA3-A72141884E57}.Debug|Any CPU.Build.0 = Debug|Any CPU
		{4292CFEE-CBCB-42AD-BCA3-A72141884E57}.Release|Any CPU.ActiveCfg = Release|Any CPU
		{4292CFEE-CBCB-42AD-BCA3-A72141884E57}.Release|Any CPU.Build.0 = Release|Any CPU
	EndGlobalSection
	GlobalSection(NestedProjects) = preSolution
		{68122333-8C21-4F37-8B13-669EF760436E} = {376EFF62-C747-4BF2-A0B0-BC65B9351E3C}
		{20FDCD11-21F7-4ACC-8576-6123BBF8BC79} = {376EFF62-C747-4BF2-A0B0-BC65B9351E3C}
		{38C6762F-35D5-41EF-A419-497AC50304F3} = {376EFF62-C747-4BF2-A0B0-BC65B9351E3C}
		{462ADBE6-355E-4D79-812A-98EB13193F42} = {678F306F-63CB-4022-8B80-004A16183CA1}
		{60D4AF7F-7AC0-4FCA-8B74-C5601EEC2865} = {678F306F-63CB-4022-8B80-004A16183CA1}
		{4292CFEE-CBCB-42AD-BCA3-A72141884E57} = {678F306F-63CB-4022-8B80-004A16183CA1}
	EndGlobalSection
EndGlobal
